{
  "name": "hamcorder",
  "version": "0.0.1",
  "lockfileVersion": 1,
  "requires": true,
  "dependencies": {
    "async-limiter": {
      "version": "1.0.1",
      "resolved": "https://registry.npmjs.org/async-limiter/-/async-limiter-1.0.1.tgz",
      "integrity": "sha512-csOlWGAcRFJaI6m+F2WKdnMKr4HhdhFVBk0H/QbJFMCr+uO2kwohwXQPxw/9OCxp05r5ghVBFSyioixx3gfkNQ=="
    },
    "raspivid": {
      "version": "1.0.0",
      "resolved": "https://registry.npmjs.org/raspivid/-/raspivid-1.0.0.tgz",
      "integrity": "sha1-nxGb7svVsQOlAAavc3FIOi72kx8="
    },
    "raspivid-stream": {
      "version": "0.2.1",
      "resolved": "https://registry.npmjs.org/raspivid-stream/-/raspivid-stream-0.2.1.tgz",
      "integrity": "sha1-dz7xsFFyaL0rrVOR//Qxs+oBnk8=",
      "requires": {
        "raspivid": "^1.0.0",
        "stream-concat": "^0.1.0",
        "stream-split": "^1.1.0"
      }
    },
    "stream-concat": {
      "version": "0.1.1",
      "resolved": "https://registry.npmjs.org/stream-concat/-/stream-concat-0.1.1.tgz",
      "integrity": "sha512-rQUBqNe2AiUrRbvUVZ3pkA1roaah2dbFVZEtDWsSE+9uzZFCEew8sSclThHJhG1zXHBKt9p+Sx12t9KRzvnigQ=="
    },
    "stream-split": {
      "version": "1.1.0",
      "resolved": "https://registry.npmjs.org/stream-split/-/stream-split-1.1.0.tgz",
      "integrity": "sha1-2bXF4PoJkaTalflukfXxUYBNPTw="
    },
    "ws": {
      "version": "7.2.0",
      "resolved": "https://registry.npmjs.org/ws/-/ws-7.2.0.tgz",
      "integrity": "sha512-+SqNqFbwTm/0DC18KYzIsMTnEWpLwJsiasW/O17la4iDRRIO9uaHbvKiAS3AHgTiuuWerK/brj4O6MYZkei9xg==",
      "requires": {
        "async-limiter": "^1.0.0"
      }
    }
  }
}
